{
  "object": {
    "pins": [
      {
        "package": "ObjectivePGP",
        "repositoryURL": "https://github.com/krzyzanowskim/ObjectivePGP",
        "state": {
          "branch": null,
          "revision": "d521f74f3c7555eee49499cd5b14079e721f7a70",
          "version": "0.17.0"
        }
      }
    ]
  },
  "version": 1
}
