// !$*UTF8*$!
{
	archiveVersion = 1;
	classes = {
	};
	objectVersion = 52;
	objects = {

/* Begin PBXBuildFile section */
		6911B7062688729F00694D60 /* StartScreen.swift in Sources */ = {isa = PBXBuildFile; fileRef = 6911B7052688729F00694D60 /* StartScreen.swift */; };
		6911B70A268876C200694D60 /* AppState.swift in Sources */ = {isa = PBXBuildFile; fileRef = 6911B709268876C200694D60 /* AppState.swift */; };
		69122B4A26899F87006C4205 /* PayoutView.swift in Sources */ = {isa = PBXBuildFile; fileRef = 69122B4926899F87006C4205 /* PayoutView.swift */; };
		69122B4C2689A0FE006C4205 /* Buttons.swift in Sources */ = {isa = PBXBuildFile; fileRef = 69122B4B2689A0FE006C4205 /* Buttons.swift */; };
		69122B4E2689A5C6006C4205 /* PayoutCompletedView.swift in Sources */ = {isa = PBXBuildFile; fileRef = 69122B4D2689A5C6006C4205 /* PayoutCompletedView.swift */; };
		6926D3A9268884CB003A32CF /* CardsApi.swift in Sources */ = {isa = PBXBuildFile; fileRef = 6926D3A8268884CB003A32CF /* CardsApi.swift */; };
		6926D3AB26888F63003A32CF /* config.swift in Sources */ = {isa = PBXBuildFile; fileRef = 6926D3AA26888F63003A32CF /* config.swift */; };
		693442742688906400339CC3 /* PaymentsApi.swift in Sources */ = {isa = PBXBuildFile; fileRef = 693442732688906400339CC3 /* PaymentsApi.swift */; };
		693442762688906C00339CC3 /* PayoutsApi.swift in Sources */ = {isa = PBXBuildFile; fileRef = 693442752688906C00339CC3 /* PayoutsApi.swift */; };
		693442782688C0E200339CC3 /* RequestBuilder.swift in Sources */ = {isa = PBXBuildFile; fileRef = 693442772688C0E200339CC3 /* RequestBuilder.swift */; };
		6943C96C2684857600A120D6 /* DashboardView.swift in Sources */ = {isa = PBXBuildFile; fileRef = 6943C96B2684857600A120D6 /* DashboardView.swift */; };
		6943C96E2684859C00A120D6 /* EazyColors.swift in Sources */ = {isa = PBXBuildFile; fileRef = 6943C96D2684859C00A120D6 /* EazyColors.swift */; };
		6976D2852681D60E00E50002 /* eazyApp.swift in Sources */ = {isa = PBXBuildFile; fileRef = 6976D2842681D60E00E50002 /* eazyApp.swift */; };
		6976D2872681D60E00E50002 /* ContentView.swift in Sources */ = {isa = PBXBuildFile; fileRef = 6976D2862681D60E00E50002 /* ContentView.swift */; };
		6976D2892681D60F00E50002 /* Assets.xcassets in Resources */ = {isa = PBXBuildFile; fileRef = 6976D2882681D60F00E50002 /* Assets.xcassets */; };
		6976D28C2681D60F00E50002 /* Preview Assets.xcassets in Resources */ = {isa = PBXBuildFile; fileRef = 6976D28B2681D60F00E50002 /* Preview Assets.xcassets */; };
		69823936268DB9C2004138FF /* OnboardingTransactionView.swift in Sources */ = {isa = PBXBuildFile; fileRef = 69823935268DB9C2004138FF /* OnboardingTransactionView.swift */; };
		69823939269043A1004138FF /* ObjectivePGP in Frameworks */ = {isa = PBXBuildFile; productRef = 69823938269043A1004138FF /* ObjectivePGP */; };
		69AEBD4C2689CEE70064CB78 /* LaunchView.swift in Sources */ = {isa = PBXBuildFile; fileRef = 69AEBD4B2689CEE70064CB78 /* LaunchView.swift */; };
		69CC1FDC2691A80D00DC6E46 /* ApyApi.swift in Sources */ = {isa = PBXBuildFile; fileRef = 69CC1FDB2691A80D00DC6E46 /* ApyApi.swift */; };
		69D43A24268C649000401501 /* OnboardingBorrowView.swift in Sources */ = {isa = PBXBuildFile; fileRef = 69D43A23268C649000401501 /* OnboardingBorrowView.swift */; };
		69D43A26268C65BA00401501 /* OnboardingCollateralView.swift in Sources */ = {isa = PBXBuildFile; fileRef = 69D43A25268C65BA00401501 /* OnboardingCollateralView.swift */; };
		69D43A28268C667100401501 /* AddCardView.swift in Sources */ = {isa = PBXBuildFile; fileRef = 69D43A27268C667100401501 /* AddCardView.swift */; };
		69D43A2A268D090500401501 /* BorrowApi.swift in Sources */ = {isa = PBXBuildFile; fileRef = 69D43A29268D090500401501 /* BorrowApi.swift */; };
		69D43A2C268D7F4900401501 /* OnboardingContainerView.swift in Sources */ = {isa = PBXBuildFile; fileRef = 69D43A2B268D7F4900401501 /* OnboardingContainerView.swift */; };
/* End PBXBuildFile section */

/* Begin PBXFileReference section */
		6911B7052688729F00694D60 /* StartScreen.swift */ = {isa = PBXFileReference; lastKnownFileType = sourcecode.swift; path = StartScreen.swift; sourceTree = "<group>"; };
		6911B709268876C200694D60 /* AppState.swift */ = {isa = PBXFileReference; lastKnownFileType = sourcecode.swift; path = AppState.swift; sourceTree = "<group>"; };
		69122B4926899F87006C4205 /* PayoutView.swift */ = {isa = PBXFileReference; lastKnownFileType = sourcecode.swift; path = PayoutView.swift; sourceTree = "<group>"; };
		69122B4B2689A0FE006C4205 /* Buttons.swift */ = {isa = PBXFileReference; lastKnownFileType = sourcecode.swift; path = Buttons.swift; sourceTree = "<group>"; };
		69122B4D2689A5C6006C4205 /* PayoutCompletedView.swift */ = {isa = PBXFileReference; lastKnownFileType = sourcecode.swift; path = PayoutCompletedView.swift; sourceTree = "<group>"; };
		6926D3A8268884CB003A32CF /* CardsApi.swift */ = {isa = PBXFileReference; lastKnownFileType = sourcecode.swift; path = CardsApi.swift; sourceTree = "<group>"; };
		6926D3AA26888F63003A32CF /* config.swift */ = {isa = PBXFileReference; lastKnownFileType = sourcecode.swift; path = config.swift; sourceTree = "<group>"; };
		693442732688906400339CC3 /* PaymentsApi.swift */ = {isa = PBXFileReference; lastKnownFileType = sourcecode.swift; path = PaymentsApi.swift; sourceTree = "<group>"; };
		693442752688906C00339CC3 /* PayoutsApi.swift */ = {isa = PBXFileReference; lastKnownFileType = sourcecode.swift; path = PayoutsApi.swift; sourceTree = "<group>"; };
		693442772688C0E200339CC3 /* RequestBuilder.swift */ = {isa = PBXFileReference; lastKnownFileType = sourcecode.swift; path = RequestBuilder.swift; sourceTree = "<group>"; };
		6943C96B2684857600A120D6 /* DashboardView.swift */ = {isa = PBXFileReference; lastKnownFileType = sourcecode.swift; path = DashboardView.swift; sourceTree = "<group>"; };
		6943C96D2684859C00A120D6 /* EazyColors.swift */ = {isa = PBXFileReference; lastKnownFileType = sourcecode.swift; path = EazyColors.swift; sourceTree = "<group>"; };
		6976D2812681D60E00E50002 /* eazy.app */ = {isa = PBXFileReference; explicitFileType = wrapper.application; includeInIndex = 0; path = eazy.app; sourceTree = BUILT_PRODUCTS_DIR; };
		6976D2842681D60E00E50002 /* eazyApp.swift */ = {isa = PBXFileReference; lastKnownFileType = sourcecode.swift; path = eazyApp.swift; sourceTree = "<group>"; };
		6976D2862681D60E00E50002 /* ContentView.swift */ = {isa = PBXFileReference; lastKnownFileType = sourcecode.swift; path = ContentView.swift; sourceTree = "<group>"; };
		6976D2882681D60F00E50002 /* Assets.xcassets */ = {isa = PBXFileReference; lastKnownFileType = folder.assetcatalog; path = Assets.xcassets; sourceTree = "<group>"; };
		6976D28B2681D60F00E50002 /* Preview Assets.xcassets */ = {isa = PBXFileReference; lastKnownFileType = folder.assetcatalog; path = "Preview Assets.xcassets"; sourceTree = "<group>"; };
		6976D28D2681D60F00E50002 /* Info.plist */ = {isa = PBXFileReference; lastKnownFileType = text.plist.xml; path = Info.plist; sourceTree = "<group>"; };
		69823935268DB9C2004138FF /* OnboardingTransactionView.swift */ = {isa = PBXFileReference; lastKnownFileType = sourcecode.swift; path = OnboardingTransactionView.swift; sourceTree = "<group>"; };
		69AEBD4B2689CEE70064CB78 /* LaunchView.swift */ = {isa = PBXFileReference; lastKnownFileType = sourcecode.swift; path = LaunchView.swift; sourceTree = "<group>"; };
		69CC1FDB2691A80D00DC6E46 /* ApyApi.swift */ = {isa = PBXFileReference; lastKnownFileType = sourcecode.swift; path = ApyApi.swift; sourceTree = "<group>"; };
		69D43A23268C649000401501 /* OnboardingBorrowView.swift */ = {isa = PBXFileReference; lastKnownFileType = sourcecode.swift; path = OnboardingBorrowView.swift; sourceTree = "<group>"; };
		69D43A25268C65BA00401501 /* OnboardingCollateralView.swift */ = {isa = PBXFileReference; lastKnownFileType = sourcecode.swift; path = OnboardingCollateralView.swift; sourceTree = "<group>"; };
		69D43A27268C667100401501 /* AddCardView.swift */ = {isa = PBXFileReference; lastKnownFileType = sourcecode.swift; path = AddCardView.swift; sourceTree = "<group>"; };
		69D43A29268D090500401501 /* BorrowApi.swift */ = {isa = PBXFileReference; lastKnownFileType = sourcecode.swift; path = BorrowApi.swift; sourceTree = "<group>"; };
		69D43A2B268D7F4900401501 /* OnboardingContainerView.swift */ = {isa = PBXFileReference; lastKnownFileType = sourcecode.swift; path = OnboardingContainerView.swift; sourceTree = "<group>"; };
/* End PBXFileReference section */

/* Begin PBXFrameworksBuildPhase section */
		6976D27E2681D60E00E50002 /* Frameworks */ = {
			isa = PBXFrameworksBuildPhase;
			buildActionMask = 2147483647;
			files = (
				69823939269043A1004138FF /* ObjectivePGP in Frameworks */,
			);
			runOnlyForDeploymentPostprocessing = 0;
		};
/* End PBXFrameworksBuildPhase section */

/* Begin PBXGroup section */
		6976D2782681D60E00E50002 = {
			isa = PBXGroup;
			children = (
				6976D2832681D60E00E50002 /* eazy */,
				6976D2822681D60E00E50002 /* Products */,
			);
			sourceTree = "<group>";
		};
		6976D2822681D60E00E50002 /* Products */ = {
			isa = PBXGroup;
			children = (
				6976D2812681D60E00E50002 /* eazy.app */,
			);
			name = Products;
			sourceTree = "<group>";
		};
		6976D2832681D60E00E50002 /* eazy */ = {
			isa = PBXGroup;
			children = (
				6926D3AA26888F63003A32CF /* config.swift */,
				69A489A2268881F40096AAB3 /* data */,
				69A489A3268882010096AAB3 /* ui */,
				6911B709268876C200694D60 /* AppState.swift */,
				6976D2862681D60E00E50002 /* ContentView.swift */,
				6976D2842681D60E00E50002 /* eazyApp.swift */,
				6976D2882681D60F00E50002 /* Assets.xcassets */,
				6976D28D2681D60F00E50002 /* Info.plist */,
				6976D28A2681D60F00E50002 /* Preview Content */,
			);
			path = eazy;
			sourceTree = "<group>";
		};
		6976D28A2681D60F00E50002 /* Preview Content */ = {
			isa = PBXGroup;
			children = (
				6976D28B2681D60F00E50002 /* Preview Assets.xcassets */,
			);
			path = "Preview Content";
			sourceTree = "<group>";
		};
		69A489A2268881F40096AAB3 /* data */ = {
			isa = PBXGroup;
			children = (
				69CC1FDB2691A80D00DC6E46 /* ApyApi.swift */,
				69D43A29268D090500401501 /* BorrowApi.swift */,
				6926D3A8268884CB003A32CF /* CardsApi.swift */,
				693442732688906400339CC3 /* PaymentsApi.swift */,
				693442752688906C00339CC3 /* PayoutsApi.swift */,
				693442772688C0E200339CC3 /* RequestBuilder.swift */,
			);
			path = data;
			sourceTree = "<group>";
		};
		69A489A3268882010096AAB3 /* ui */ = {
			isa = PBXGroup;
			children = (
				69122B4B2689A0FE006C4205 /* Buttons.swift */,
				6943C96D2684859C00A120D6 /* EazyColors.swift */,
				6943C96B2684857600A120D6 /* DashboardView.swift */,
				69AEBD4B2689CEE70064CB78 /* LaunchView.swift */,
				6911B7052688729F00694D60 /* StartScreen.swift */,
				69122B4926899F87006C4205 /* PayoutView.swift */,
				69122B4D2689A5C6006C4205 /* PayoutCompletedView.swift */,
				69D43A2B268D7F4900401501 /* OnboardingContainerView.swift */,
				69D43A23268C649000401501 /* OnboardingBorrowView.swift */,
				69D43A25268C65BA00401501 /* OnboardingCollateralView.swift */,
				69823935268DB9C2004138FF /* OnboardingTransactionView.swift */,
				69D43A27268C667100401501 /* AddCardView.swift */,
			);
			path = ui;
			sourceTree = "<group>";
		};
/* End PBXGroup section */

/* Begin PBXNativeTarget section */
		6976D2802681D60E00E50002 /* eazy */ = {
			isa = PBXNativeTarget;
			buildConfigurationList = 6976D2902681D60F00E50002 /* Build configuration list for PBXNativeTarget "eazy" */;
			buildPhases = (
				6976D27D2681D60E00E50002 /* Sources */,
				6976D27E2681D60E00E50002 /* Frameworks */,
				6976D27F2681D60E00E50002 /* Resources */,
			);
			buildRules = (
			);
			dependencies = (
			);
			name = eazy;
			packageProductDependencies = (
				69823938269043A1004138FF /* ObjectivePGP */,
			);
			productName = eazy;
			productReference = 6976D2812681D60E00E50002 /* eazy.app */;
			productType = "com.apple.product-type.application";
		};
/* End PBXNativeTarget section */

/* Begin PBXProject section */
		6976D2792681D60E00E50002 /* Project object */ = {
			isa = PBXProject;
			attributes = {
				LastSwiftUpdateCheck = 1250;
				LastUpgradeCheck = 1250;
				TargetAttributes = {
					6976D2802681D60E00E50002 = {
						CreatedOnToolsVersion = 12.5;
					};
				};
			};
			buildConfigurationList = 6976D27C2681D60E00E50002 /* Build configuration list for PBXProject "eazy" */;
			compatibilityVersion = "Xcode 9.3";
			developmentRegion = en;
			hasScannedForEncodings = 0;
			knownRegions = (
				en,
				Base,
			);
			mainGroup = 6976D2782681D60E00E50002;
			packageReferences = (
				69823937269043A0004138FF /* XCRemoteSwiftPackageReference "ObjectivePGP" */,
			);
			productRefGroup = 6976D2822681D60E00E50002 /* Products */;
			projectDirPath = "";
			projectRoot = "";
			targets = (
				6976D2802681D60E00E50002 /* eazy */,
			);
		};
/* End PBXProject section */

/* Begin PBXResourcesBuildPhase section */
		6976D27F2681D60E00E50002 /* Resources */ = {
			isa = PBXResourcesBuildPhase;
			buildActionMask = 2147483647;
			files = (
				6976D28C2681D60F00E50002 /* Preview Assets.xcassets in Resources */,
				6976D2892681D60F00E50002 /* Assets.xcassets in Resources */,
			);
			runOnlyForDeploymentPostprocessing = 0;
		};
/* End PBXResourcesBuildPhase section */

/* Begin PBXSourcesBuildPhase section */
		6976D27D2681D60E00E50002 /* Sources */ = {
			isa = PBXSourcesBuildPhase;
			buildActionMask = 2147483647;
			files = (
				693442762688906C00339CC3 /* PayoutsApi.swift in Sources */,
				69CC1FDC2691A80D00DC6E46 /* ApyApi.swift in Sources */,
				69D43A24268C649000401501 /* OnboardingBorrowView.swift in Sources */,
				6976D2872681D60E00E50002 /* ContentView.swift in Sources */,
				69AEBD4C2689CEE70064CB78 /* LaunchView.swift in Sources */,
				6943C96C2684857600A120D6 /* DashboardView.swift in Sources */,
				69122B4C2689A0FE006C4205 /* Buttons.swift in Sources */,
				6911B7062688729F00694D60 /* StartScreen.swift in Sources */,
				69D43A26268C65BA00401501 /* OnboardingCollateralView.swift in Sources */,
				69D43A28268C667100401501 /* AddCardView.swift in Sources */,
				6926D3A9268884CB003A32CF /* CardsApi.swift in Sources */,
				69D43A2A268D090500401501 /* BorrowApi.swift in Sources */,
				6911B70A268876C200694D60 /* AppState.swift in Sources */,
				693442742688906400339CC3 /* PaymentsApi.swift in Sources */,
				693442782688C0E200339CC3 /* RequestBuilder.swift in Sources */,
				69122B4A26899F87006C4205 /* PayoutView.swift in Sources */,
				69122B4E2689A5C6006C4205 /* PayoutCompletedView.swift in Sources */,
				6926D3AB26888F63003A32CF /* config.swift in Sources */,
				69D43A2C268D7F4900401501 /* OnboardingContainerView.swift in Sources */,
				69823936268DB9C2004138FF /* OnboardingTransactionView.swift in Sources */,
				6943C96E2684859C00A120D6 /* EazyColors.swift in Sources */,
				6976D2852681D60E00E50002 /* eazyApp.swift in Sources */,
			);
			runOnlyForDeploymentPostprocessing = 0;
		};
/* End PBXSourcesBuildPhase section */

/* Begin XCBuildConfiguration section */
		6976D28E2681D60F00E50002 /* Debug */ = {
			isa = XCBuildConfiguration;
			buildSettings = {
				ALWAYS_SEARCH_USER_PATHS = NO;
				CLANG_ANALYZER_NONNULL = YES;
				CLANG_ANALYZER_NUMBER_OBJECT_CONVERSION = YES_AGGRESSIVE;
				CLANG_CXX_LANGUAGE_STANDARD = "gnu++14";
				CLANG_CXX_LIBRARY = "libc++";
				CLANG_ENABLE_MODULES = YES;
				CLANG_ENABLE_OBJC_ARC = YES;
				CLANG_ENABLE_OBJC_WEAK = YES;
				CLANG_WARN_BLOCK_CAPTURE_AUTORELEASING = YES;
				CLANG_WARN_BOOL_CONVERSION = YES;
				CLANG_WARN_COMMA = YES;
				CLANG_WARN_CONSTANT_CONVERSION = YES;
				CLANG_WARN_DEPRECATED_OBJC_IMPLEMENTATIONS = YES;
				CLANG_WARN_DIRECT_OBJC_ISA_USAGE = YES_ERROR;
				CLANG_WARN_DOCUMENTATION_COMMENTS = YES;
				CLANG_WARN_EMPTY_BODY = YES;
				CLANG_WARN_ENUM_CONVERSION = YES;
				CLANG_WARN_INFINITE_RECURSION = YES;
				CLANG_WARN_INT_CONVERSION = YES;
				CLANG_WARN_NON_LITERAL_NULL_CONVERSION = YES;
				CLANG_WARN_OBJC_IMPLICIT_RETAIN_SELF = YES;
				CLANG_WARN_OBJC_LITERAL_CONVERSION = YES;
				CLANG_WARN_OBJC_ROOT_CLASS = YES_ERROR;
				CLANG_WARN_QUOTED_INCLUDE_IN_FRAMEWORK_HEADER = YES;
				CLANG_WARN_RANGE_LOOP_ANALYSIS = YES;
				CLANG_WARN_STRICT_PROTOTYPES = YES;
				CLANG_WARN_SUSPICIOUS_MOVE = YES;
				CLANG_WARN_UNGUARDED_AVAILABILITY = YES_AGGRESSIVE;
				CLANG_WARN_UNREACHABLE_CODE = YES;
				CLANG_WARN__DUPLICATE_METHOD_MATCH = YES;
				COPY_PHASE_STRIP = NO;
				DEBUG_INFORMATION_FORMAT = dwarf;
				ENABLE_STRICT_OBJC_MSGSEND = YES;
				ENABLE_TESTABILITY = YES;
				GCC_C_LANGUAGE_STANDARD = gnu11;
				GCC_DYNAMIC_NO_PIC = NO;
				GCC_NO_COMMON_BLOCKS = YES;
				GCC_OPTIMIZATION_LEVEL = 0;
				GCC_PREPROCESSOR_DEFINITIONS = (
					"DEBUG=1",
					"$(inherited)",
				);
				GCC_WARN_64_TO_32_BIT_CONVERSION = YES;
				GCC_WARN_ABOUT_RETURN_TYPE = YES_ERROR;
				GCC_WARN_UNDECLARED_SELECTOR = YES;
				GCC_WARN_UNINITIALIZED_AUTOS = YES_AGGRESSIVE;
				GCC_WARN_UNUSED_FUNCTION = YES;
				GCC_WARN_UNUSED_VARIABLE = YES;
				IPHONEOS_DEPLOYMENT_TARGET = 14.5;
				MTL_ENABLE_DEBUG_INFO = INCLUDE_SOURCE;
				MTL_FAST_MATH = YES;
				ONLY_ACTIVE_ARCH = YES;
				SDKROOT = iphoneos;
				SWIFT_ACTIVE_COMPILATION_CONDITIONS = DEBUG;
				SWIFT_OPTIMIZATION_LEVEL = "-Onone";
			};
			name = Debug;
		};
		6976D28F2681D60F00E50002 /* Release */ = {
			isa = XCBuildConfiguration;
			buildSettings = {
				ALWAYS_SEARCH_USER_PATHS = NO;
				CLANG_ANALYZER_NONNULL = YES;
				CLANG_ANALYZER_NUMBER_OBJECT_CONVERSION = YES_AGGRESSIVE;
				CLANG_CXX_LANGUAGE_STANDARD = "gnu++14";
				CLANG_CXX_LIBRARY = "libc++";
				CLANG_ENABLE_MODULES = YES;
				CLANG_ENABLE_OBJC_ARC = YES;
				CLANG_ENABLE_OBJC_WEAK = YES;
				CLANG_WARN_BLOCK_CAPTURE_AUTORELEASING = YES;
				CLANG_WARN_BOOL_CONVERSION = YES;
				CLANG_WARN_COMMA = YES;
				CLANG_WARN_CONSTANT_CONVERSION = YES;
				CLANG_WARN_DEPRECATED_OBJC_IMPLEMENTATIONS = YES;
				CLANG_WARN_DIRECT_OBJC_ISA_USAGE = YES_ERROR;
				CLANG_WARN_DOCUMENTATION_COMMENTS = YES;
				CLANG_WARN_EMPTY_BODY = YES;
				CLANG_WARN_ENUM_CONVERSION = YES;
				CLANG_WARN_INFINITE_RECURSION = YES;
				CLANG_WARN_INT_CONVERSION = YES;
				CLANG_WARN_NON_LITERAL_NULL_CONVERSION = YES;
				CLANG_WARN_OBJC_IMPLICIT_RETAIN_SELF = YES;
				CLANG_WARN_OBJC_LITERAL_CONVERSION = YES;
				CLANG_WARN_OBJC_ROOT_CLASS = YES_ERROR;
				CLANG_WARN_QUOTED_INCLUDE_IN_FRAMEWORK_HEADER = YES;
				CLANG_WARN_RANGE_LOOP_ANALYSIS = YES;
				CLANG_WARN_STRICT_PROTOTYPES = YES;
				CLANG_WARN_SUSPICIOUS_MOVE = YES;
				CLANG_WARN_UNGUARDED_AVAILABILITY = YES_AGGRESSIVE;
				CLANG_WARN_UNREACHABLE_CODE = YES;
				CLANG_WARN__DUPLICATE_METHOD_MATCH = YES;
				COPY_PHASE_STRIP = NO;
				DEBUG_INFORMATION_FORMAT = "dwarf-with-dsym";
				ENABLE_NS_ASSERTIONS = NO;
				ENABLE_STRICT_OBJC_MSGSEND = YES;
				GCC_C_LANGUAGE_STANDARD = gnu11;
				GCC_NO_COMMON_BLOCKS = YES;
				GCC_WARN_64_TO_32_BIT_CONVERSION = YES;
				GCC_WARN_ABOUT_RETURN_TYPE = YES_ERROR;
				GCC_WARN_UNDECLARED_SELECTOR = YES;
				GCC_WARN_UNINITIALIZED_AUTOS = YES_AGGRESSIVE;
				GCC_WARN_UNUSED_FUNCTION = YES;
				GCC_WARN_UNUSED_VARIABLE = YES;
				IPHONEOS_DEPLOYMENT_TARGET = 14.5;
				MTL_ENABLE_DEBUG_INFO = NO;
				MTL_FAST_MATH = YES;
				SDKROOT = iphoneos;
				SWIFT_COMPILATION_MODE = wholemodule;
				SWIFT_OPTIMIZATION_LEVEL = "-O";
				VALIDATE_PRODUCT = YES;
			};
			name = Release;
		};
		6976D2912681D60F00E50002 /* Debug */ = {
			isa = XCBuildConfiguration;
			buildSettings = {
				ASSETCATALOG_COMPILER_APPICON_NAME = AppIcon;
				ASSETCATALOG_COMPILER_GLOBAL_ACCENT_COLOR_NAME = AccentColor;
				CODE_SIGN_STYLE = Automatic;
				DEVELOPMENT_ASSET_PATHS = "\"eazy/Preview Content\"";
				DEVELOPMENT_TEAM = 84383757VH;
				ENABLE_PREVIEWS = YES;
				INFOPLIST_FILE = eazy/Info.plist;
				IPHONEOS_DEPLOYMENT_TARGET = 14.0;
				LD_RUNPATH_SEARCH_PATHS = (
					"$(inherited)",
					"@executable_path/Frameworks",
				);
				PRODUCT_BUNDLE_IDENTIFIER = finance.eazy.ios.eazy;
				PRODUCT_NAME = "$(TARGET_NAME)";
				SWIFT_VERSION = 5.0;
				TARGETED_DEVICE_FAMILY = "1,2";
			};
			name = Debug;
		};
		6976D2922681D60F00E50002 /* Release */ = {
			isa = XCBuildConfiguration;
			buildSettings = {
				ASSETCATALOG_COMPILER_APPICON_NAME = AppIcon;
				ASSETCATALOG_COMPILER_GLOBAL_ACCENT_COLOR_NAME = AccentColor;
				CODE_SIGN_STYLE = Automatic;
				DEVELOPMENT_ASSET_PATHS = "\"eazy/Preview Content\"";
				DEVELOPMENT_TEAM = 84383757VH;
				ENABLE_PREVIEWS = YES;
				INFOPLIST_FILE = eazy/Info.plist;
				IPHONEOS_DEPLOYMENT_TARGET = 14.0;
				LD_RUNPATH_SEARCH_PATHS = (
					"$(inherited)",
					"@executable_path/Frameworks",
				);
				PRODUCT_BUNDLE_IDENTIFIER = finance.eazy.ios.eazy;
				PRODUCT_NAME = "$(TARGET_NAME)";
				SWIFT_VERSION = 5.0;
				TARGETED_DEVICE_FAMILY = "1,2";
			};
			name = Release;
		};
/* End XCBuildConfiguration section */

/* Begin XCConfigurationList section */
		6976D27C2681D60E00E50002 /* Build configuration list for PBXProject "eazy" */ = {
			isa = XCConfigurationList;
			buildConfigurations = (
				6976D28E2681D60F00E50002 /* Debug */,
				6976D28F2681D60F00E50002 /* Release */,
			);
			defaultConfigurationIsVisible = 0;
			defaultConfigurationName = Release;
		};
		6976D2902681D60F00E50002 /* Build configuration list for PBXNativeTarget "eazy" */ = {
			isa = XCConfigurationList;
			buildConfigurations = (
				6976D2912681D60F00E50002 /* Debug */,
				6976D2922681D60F00E50002 /* Release */,
			);
			defaultConfigurationIsVisible = 0;
			defaultConfigurationName = Release;
		};
/* End XCConfigurationList section */

/* Begin XCRemoteSwiftPackageReference section */
		69823937269043A0004138FF /* XCRemoteSwiftPackageReference "ObjectivePGP" */ = {
			isa = XCRemoteSwiftPackageReference;
			repositoryURL = "https://github.com/krzyzanowskim/ObjectivePGP";
			requirement = {
				kind = upToNextMinorVersion;
				minimumVersion = 0.17.0;
			};
		};
/* End XCRemoteSwiftPackageReference section */

/* Begin XCSwiftPackageProductDependency section */
		69823938269043A1004138FF /* ObjectivePGP */ = {
			isa = XCSwiftPackageProductDependency;
			package = 69823937269043A0004138FF /* XCRemoteSwiftPackageReference "ObjectivePGP" */;
			productName = ObjectivePGP;
		};
/* End XCSwiftPackageProductDependency section */
	};
	rootObject = 6976D2792681D60E00E50002 /* Project object */;
}
